// !$*UTF8*$!
{
	archiveVersion = 1;
	classes = {
	};
	objectVersion = 52;
	objects = {

/* Begin PBXBuildFile section */
		9F19B4A32689B382003B75C8 /* AppDelegate.swift in Sources */ = {isa = PBXBuildFile; fileRef = 9F19B4A22689B382003B75C8 /* AppDelegate.swift */; };
		9F19B4A52689B382003B75C8 /* SceneDelegate.swift in Sources */ = {isa = PBXBuildFile; fileRef = 9F19B4A42689B382003B75C8 /* SceneDelegate.swift */; };
		9F19B4A72689B382003B75C8 /* ViewController.swift in Sources */ = {isa = PBXBuildFile; fileRef = 9F19B4A62689B382003B75C8 /* ViewController.swift */; };
		9F19B4AA2689B382003B75C8 /* Main.storyboard in Resources */ = {isa = PBXBuildFile; fileRef = 9F19B4A82689B382003B75C8 /* Main.storyboard */; };
		9F19B4AC2689B383003B75C8 /* Assets.xcassets in Resources */ = {isa = PBXBuildFile; fileRef = 9F19B4AB2689B383003B75C8 /* Assets.xcassets */; };
		9F19B4AF2689B383003B75C8 /* LaunchScreen.storyboard in Resources */ = {isa = PBXBuildFile; fileRef = 9F19B4AD2689B383003B75C8 /* LaunchScreen.storyboard */; };
		9F7A4C62268B720E001E75D0 /* APIFunctions.swift in Sources */ = {isa = PBXBuildFile; fileRef = 9F7A4C61268B720E001E75D0 /* APIFunctions.swift */; };
		9FF3B7AF268B6CFE00D6B702 /* Alamofire in Frameworks */ = {isa = PBXBuildFile; productRef = 9FF3B7AE268B6CFE00D6B702 /* Alamofire */; };
/* End PBXBuildFile section */

/* Begin PBXFileReference section */
		9F19B49F2689B382003B75C8 /* Note-App.app */ = {isa = PBXFileReference; explicitFileType = wrapper.application; includeInIndex = 0; path = "Note-App.app"; sourceTree = BUILT_PRODUCTS_DIR; };
		9F19B4A22689B382003B75C8 /* AppDelegate.swift */ = {isa = PBXFileReference; lastKnownFileType = sourcecode.swift; path = AppDelegate.swift; sourceTree = "<group>"; };
		9F19B4A42689B382003B75C8 /* SceneDelegate.swift */ = {isa = PBXFileReference; lastKnownFileType = sourcecode.swift; path = SceneDelegate.swift; sourceTree = "<group>"; };
		9F19B4A62689B382003B75C8 /* ViewController.swift */ = {isa = PBXFileReference; lastKnownFileType = sourcecode.swift; path = ViewController.swift; sourceTree = "<group>"; };
		9F19B4A92689B382003B75C8 /* Base */ = {isa = PBXFileReference; lastKnownFileType = file.storyboard; name = Base; path = Base.lproj/Main.storyboard; sourceTree = "<group>"; };
		9F19B4AB2689B383003B75C8 /* Assets.xcassets */ = {isa = PBXFileReference; lastKnownFileType = folder.assetcatalog; path = Assets.xcassets; sourceTree = "<group>"; };
		9F19B4AE2689B383003B75C8 /* Base */ = {isa = PBXFileReference; lastKnownFileType = file.storyboard; name = Base; path = Base.lproj/LaunchScreen.storyboard; sourceTree = "<group>"; };
		9F19B4B02689B383003B75C8 /* Info.plist */ = {isa = PBXFileReference; lastKnownFileType = text.plist.xml; path = Info.plist; sourceTree = "<group>"; };
		9F7A4C61268B720E001E75D0 /* APIFunctions.swift */ = {isa = PBXFileReference; lastKnownFileType = sourcecode.swift; path = APIFunctions.swift; sourceTree = "<group>"; };
/* End PBXFileReference section */

/* Begin PBXFrameworksBuildPhase section */
		9F19B49C2689B382003B75C8 /* Frameworks */ = {
			isa = PBXFrameworksBuildPhase;
			buildActionMask = 2147483647;
			files = (
				9FF3B7AF268B6CFE00D6B702 /* Alamofire in Frameworks */,
			);
			runOnlyForDeploymentPostprocessing = 0;
		};
/* End PBXFrameworksBuildPhase section */

/* Begin PBXGroup section */
		9F19B4962689B382003B75C8 = {
			isa = PBXGroup;
			children = (
				9F19B4A12689B382003B75C8 /* Note-App */,
				9F19B4A02689B382003B75C8 /* Products */,
			);
			sourceTree = "<group>";
		};
		9F19B4A02689B382003B75C8 /* Products */ = {
			isa = PBXGroup;
			children = (
				9F19B49F2689B382003B75C8 /* Note-App.app */,
			);
			name = Products;
			sourceTree = "<group>";
		};
		9F19B4A12689B382003B75C8 /* Note-App */ = {
			isa = PBXGroup;
			children = (
				9F19B4A22689B382003B75C8 /* AppDelegate.swift */,
				9F19B4A42689B382003B75C8 /* SceneDelegate.swift */,
				9F19B4A62689B382003B75C8 /* ViewController.swift */,
				9F7A4C61268B720E001E75D0 /* APIFunctions.swift */,
				9F19B4A82689B382003B75C8 /* Main.storyboard */,
				9F19B4AB2689B383003B75C8 /* Assets.xcassets */,
				9F19B4AD2689B383003B75C8 /* LaunchScreen.storyboard */,
				9F19B4B02689B383003B75C8 /* Info.plist */,
			);
			path = "Note-App";
			sourceTree = "<group>";
		};
/* End PBXGroup section */

/* Begin PBXNativeTarget section */
		9F19B49E2689B382003B75C8 /* Note-App */ = {
			isa = PBXNativeTarget;
			buildConfigurationList = 9F19B4B32689B383003B75C8 /* Build configuration list for PBXNativeTarget "Note-App" */;
			buildPhases = (
				9F19B49B2689B382003B75C8 /* Sources */,
				9F19B49C2689B382003B75C8 /* Frameworks */,
				9F19B49D2689B382003B75C8 /* Resources */,
			);
			buildRules = (
			);
			dependencies = (
			);
			name = "Note-App";
			packageProductDependencies = (
				9FF3B7AE268B6CFE00D6B702 /* Alamofire */,
			);
			productName = "Note-App";
			productReference = 9F19B49F2689B382003B75C8 /* Note-App.app */;
			productType = "com.apple.product-type.application";
		};
/* End PBXNativeTarget section */

/* Begin PBXProject section */
		9F19B4972689B382003B75C8 /* Project object */ = {
			isa = PBXProject;
			attributes = {
				LastSwiftUpdateCheck = 1250;
				LastUpgradeCheck = 1250;
				TargetAttributes = {
					9F19B49E2689B382003B75C8 = {
						CreatedOnToolsVersion = 12.5.1;
					};
				};
			};
			buildConfigurationList = 9F19B49A2689B382003B75C8 /* Build configuration list for PBXProject "Note-App" */;
			compatibilityVersion = "Xcode 9.3";
			developmentRegion = en;
			hasScannedForEncodings = 0;
			knownRegions = (
				en,
				Base,
			);
			mainGroup = 9F19B4962689B382003B75C8;
			packageReferences = (
				9FF3B7AD268B6CFE00D6B702 /* XCRemoteSwiftPackageReference "Alamofire" */,
			);
			productRefGroup = 9F19B4A02689B382003B75C8 /* Products */;
			projectDirPath = "";
			projectRoot = "";
			targets = (
				9F19B49E2689B382003B75C8 /* Note-App */,
			);
		};
/* End PBXProject section */

/* Begin PBXResourcesBuildPhase section */
		9F19B49D2689B382003B75C8 /* Resources */ = {
			isa = PBXResourcesBuildPhase;
			buildActionMask = 2147483647;
			files = (
				9F19B4AF2689B383003B75C8 /* LaunchScreen.storyboard in Resources */,
				9F19B4AC2689B383003B75C8 /* Assets.xcassets in Resources */,
				9F19B4AA2689B382003B75C8 /* Main.storyboard in Resources */,
			);
			runOnlyForDeploymentPostprocessing = 0;
		};
/* End PBXResourcesBuildPhase section */

/* Begin PBXSourcesBuildPhase section */
		9F19B49B2689B382003B75C8 /* Sources */ = {
			isa = PBXSourcesBuildPhase;
			buildActionMask = 2147483647;
			files = (
				9F7A4C62268B720E001E75D0 /* APIFunctions.swift in Sources */,
				9F19B4A72689B382003B75C8 /* ViewController.swift in Sources */,
				9F19B4A32689B382003B75C8 /* AppDelegate.swift in Sources */,
				9F19B4A52689B382003B75C8 /* SceneDelegate.swift in Sources */,
			);
			runOnlyForDeploymentPostprocessing = 0;
		};
/* End PBXSourcesBuildPhase section */

/* Begin PBXVariantGroup section */
		9F19B4A82689B382003B75C8 /* Main.storyboard */ = {
			isa = PBXVariantGroup;
			children = (
				9F19B4A92689B382003B75C8 /* Base */,
			);
			name = Main.storyboard;
			sourceTree = "<group>";
		};
		9F19B4AD2689B383003B75C8 /* LaunchScreen.storyboard */ = {
			isa = PBXVariantGroup;
			children = (
				9F19B4AE2689B383003B75C8 /* Base */,
			);
			name = LaunchScreen.storyboard;
			sourceTree = "<group>";
		};
/* End PBXVariantGroup section */

/* Begin XCBuildConfiguration section */
		9F19B4B12689B383003B75C8 /* Debug */ = {
			isa = XCBuildConfiguration;
			buildSettings = {
				ALWAYS_SEARCH_USER_PATHS = NO;
				CLANG_ANALYZER_NONNULL = YES;
				CLANG_ANALYZER_NUMBER_OBJECT_CONVERSION = YES_AGGRESSIVE;
				CLANG_CXX_LANGUAGE_STANDARD = "gnu++14";
				CLANG_CXX_LIBRARY = "libc++";
				CLANG_ENABLE_MODULES = YES;
				CLANG_ENABLE_OBJC_ARC = YES;
				CLANG_ENABLE_OBJC_WEAK = YES;
				CLANG_WARN_BLOCK_CAPTURE_AUTORELEASING = YES;
				CLANG_WARN_BOOL_CONVERSION = YES;
				CLANG_WARN_COMMA = YES;
				CLANG_WARN_CONSTANT_CONVERSION = YES;
				CLANG_WARN_DEPRECATED_OBJC_IMPLEMENTATIONS = YES;
				CLANG_WARN_DIRECT_OBJC_ISA_USAGE = YES_ERROR;
				CLANG_WARN_DOCUMENTATION_COMMENTS = YES;
				CLANG_WARN_EMPTY_BODY = YES;
				CLANG_WARN_ENUM_CONVERSION = YES;
				CLANG_WARN_INFINITE_RECURSION = YES;
				CLANG_WARN_INT_CONVERSION = YES;
				CLANG_WARN_NON_LITERAL_NULL_CONVERSION = YES;
				CLANG_WARN_OBJC_IMPLICIT_RETAIN_SELF = YES;
				CLANG_WARN_OBJC_LITERAL_CONVERSION = YES;
				CLANG_WARN_OBJC_ROOT_CLASS = YES_ERROR;
				CLANG_WARN_QUOTED_INCLUDE_IN_FRAMEWORK_HEADER = YES;
				CLANG_WARN_RANGE_LOOP_ANALYSIS = YES;
				CLANG_WARN_STRICT_PROTOTYPES = YES;
				CLANG_WARN_SUSPICIOUS_MOVE = YES;
				CLANG_WARN_UNGUARDED_AVAILABILITY = YES_AGGRESSIVE;
				CLANG_WARN_UNREACHABLE_CODE = YES;
				CLANG_WARN__DUPLICATE_METHOD_MATCH = YES;
				COPY_PHASE_STRIP = NO;
				DEBUG_INFORMATION_FORMAT = dwarf;
				ENABLE_STRICT_OBJC_MSGSEND = YES;
				ENABLE_TESTABILITY = YES;
				GCC_C_LANGUAGE_STANDARD = gnu11;
				GCC_DYNAMIC_NO_PIC = NO;
				GCC_NO_COMMON_BLOCKS = YES;
				GCC_OPTIMIZATION_LEVEL = 0;
				GCC_PREPROCESSOR_DEFINITIONS = (
					"DEBUG=1",
					"$(inherited)",
				);
				GCC_WARN_64_TO_32_BIT_CONVERSION = YES;
				GCC_WARN_ABOUT_RETURN_TYPE = YES_ERROR;
				GCC_WARN_UNDECLARED_SELECTOR = YES;
				GCC_WARN_UNINITIALIZED_AUTOS = YES_AGGRESSIVE;
				GCC_WARN_UNUSED_FUNCTION = YES;
				GCC_WARN_UNUSED_VARIABLE = YES;
				IPHONEOS_DEPLOYMENT_TARGET = 14.5;
				MTL_ENABLE_DEBUG_INFO = INCLUDE_SOURCE;
				MTL_FAST_MATH = YES;
				ONLY_ACTIVE_ARCH = YES;
				SDKROOT = iphoneos;
				SWIFT_ACTIVE_COMPILATION_CONDITIONS = DEBUG;
				SWIFT_OPTIMIZATION_LEVEL = "-Onone";
			};
			name = Debug;
		};
		9F19B4B22689B383003B75C8 /* Release */ = {
			isa = XCBuildConfiguration;
			buildSettings = {
				ALWAYS_SEARCH_USER_PATHS = NO;
				CLANG_ANALYZER_NONNULL = YES;
				CLANG_ANALYZER_NUMBER_OBJECT_CONVERSION = YES_AGGRESSIVE;
				CLANG_CXX_LANGUAGE_STANDARD = "gnu++14";
				CLANG_CXX_LIBRARY = "libc++";
				CLANG_ENABLE_MODULES = YES;
				CLANG_ENABLE_OBJC_ARC = YES;
				CLANG_ENABLE_OBJC_WEAK = YES;
				CLANG_WARN_BLOCK_CAPTURE_AUTORELEASING = YES;
				CLANG_WARN_BOOL_CONVERSION = YES;
				CLANG_WARN_COMMA = YES;
				CLANG_WARN_CONSTANT_CONVERSION = YES;
				CLANG_WARN_DEPRECATED_OBJC_IMPLEMENTATIONS = YES;
				CLANG_WARN_DIRECT_OBJC_ISA_USAGE = YES_ERROR;
				CLANG_WARN_DOCUMENTATION_COMMENTS = YES;
				CLANG_WARN_EMPTY_BODY = YES;
				CLANG_WARN_ENUM_CONVERSION = YES;
				CLANG_WARN_INFINITE_RECURSION = YES;
				CLANG_WARN_INT_CONVERSION = YES;
				CLANG_WARN_NON_LITERAL_NULL_CONVERSION = YES;
				CLANG_WARN_OBJC_IMPLICIT_RETAIN_SELF = YES;
				CLANG_WARN_OBJC_LITERAL_CONVERSION = YES;
				CLANG_WARN_OBJC_ROOT_CLASS = YES_ERROR;
				CLANG_WARN_QUOTED_INCLUDE_IN_FRAMEWORK_HEADER = YES;
				CLANG_WARN_RANGE_LOOP_ANALYSIS = YES;
				CLANG_WARN_STRICT_PROTOTYPES = YES;
				CLANG_WARN_SUSPICIOUS_MOVE = YES;
				CLANG_WARN_UNGUARDED_AVAILABILITY = YES_AGGRESSIVE;
				CLANG_WARN_UNREACHABLE_CODE = YES;
				CLANG_WARN__DUPLICATE_METHOD_MATCH = YES;
				COPY_PHASE_STRIP = NO;
				DEBUG_INFORMATION_FORMAT = "dwarf-with-dsym";
				ENABLE_NS_ASSERTIONS = NO;
				ENABLE_STRICT_OBJC_MSGSEND = YES;
				GCC_C_LANGUAGE_STANDARD = gnu11;
				GCC_NO_COMMON_BLOCKS = YES;
				GCC_WARN_64_TO_32_BIT_CONVERSION = YES;
				GCC_WARN_ABOUT_RETURN_TYPE = YES_ERROR;
				GCC_WARN_UNDECLARED_SELECTOR = YES;
				GCC_WARN_UNINITIALIZED_AUTOS = YES_AGGRESSIVE;
				GCC_WARN_UNUSED_FUNCTION = YES;
				GCC_WARN_UNUSED_VARIABLE = YES;
				IPHONEOS_DEPLOYMENT_TARGET = 14.5;
				MTL_ENABLE_DEBUG_INFO = NO;
				MTL_FAST_MATH = YES;
				SDKROOT = iphoneos;
				SWIFT_COMPILATION_MODE = wholemodule;
				SWIFT_OPTIMIZATION_LEVEL = "-O";
				VALIDATE_PRODUCT = YES;
			};
			name = Release;
		};
		9F19B4B42689B383003B75C8 /* Debug */ = {
			isa = XCBuildConfiguration;
			buildSettings = {
				ASSETCATALOG_COMPILER_APPICON_NAME = AppIcon;
				ASSETCATALOG_COMPILER_GLOBAL_ACCENT_COLOR_NAME = AccentColor;
				CODE_SIGN_STYLE = Automatic;
				DEVELOPMENT_TEAM = X28CVF65TW;
				INFOPLIST_FILE = "Note-App/Info.plist";
				LD_RUNPATH_SEARCH_PATHS = (
					"$(inherited)",
					"@executable_path/Frameworks",
				);
				PRODUCT_BUNDLE_IDENTIFIER = "com.alainhsu.Note-App";
				PRODUCT_NAME = "$(TARGET_NAME)";
				SWIFT_VERSION = 5.0;
				TARGETED_DEVICE_FAMILY = "1,2";
			};
			name = Debug;
		};
		9F19B4B52689B383003B75C8 /* Release */ = {
			isa = XCBuildConfiguration;
			buildSettings = {
				ASSETCATALOG_COMPILER_APPICON_NAME = AppIcon;
				ASSETCATALOG_COMPILER_GLOBAL_ACCENT_COLOR_NAME = AccentColor;
				CODE_SIGN_STYLE = Automatic;
				DEVELOPMENT_TEAM = X28CVF65TW;
				INFOPLIST_FILE = "Note-App/Info.plist";
				LD_RUNPATH_SEARCH_PATHS = (
					"$(inherited)",
					"@executable_path/Frameworks",
				);
				PRODUCT_BUNDLE_IDENTIFIER = "com.alainhsu.Note-App";
				PRODUCT_NAME = "$(TARGET_NAME)";
				SWIFT_VERSION = 5.0;
				TARGETED_DEVICE_FAMILY = "1,2";
			};
			name = Release;
		};
/* End XCBuildConfiguration section */

/* Begin XCConfigurationList section */
		9F19B49A2689B382003B75C8 /* Build configuration list for PBXProject "Note-App" */ = {
			isa = XCConfigurationList;
			buildConfigurations = (
				9F19B4B12689B383003B75C8 /* Debug */,
				9F19B4B22689B383003B75C8 /* Release */,
			);
			defaultConfigurationIsVisible = 0;
			defaultConfigurationName = Release;
		};
		9F19B4B32689B383003B75C8 /* Build configuration list for PBXNativeTarget "Note-App" */ = {
			isa = XCConfigurationList;
			buildConfigurations = (
				9F19B4B42689B383003B75C8 /* Debug */,
				9F19B4B52689B383003B75C8 /* Release */,
			);
			defaultConfigurationIsVisible = 0;
			defaultConfigurationName = Release;
		};
/* End XCConfigurationList section */

/* Begin XCRemoteSwiftPackageReference section */
		9FF3B7AD268B6CFE00D6B702 /* XCRemoteSwiftPackageReference "Alamofire" */ = {
			isa = XCRemoteSwiftPackageReference;
			repositoryURL = "git@github.com:Alamofire/Alamofire.git";
			requirement = {
				kind = upToNextMajorVersion;
				minimumVersion = 5.4.3;
			};
		};
/* End XCRemoteSwiftPackageReference section */

/* Begin XCSwiftPackageProductDependency section */
		9FF3B7AE268B6CFE00D6B702 /* Alamofire */ = {
			isa = XCSwiftPackageProductDependency;
			package = 9FF3B7AD268B6CFE00D6B702 /* XCRemoteSwiftPackageReference "Alamofire" */;
			productName = Alamofire;
		};
/* End XCSwiftPackageProductDependency section */
	};
	rootObject = 9F19B4972689B382003B75C8 /* Project object */;
}
